
Microsoft Visual Studio Solution File, Format Version 12.00
# 
Project("{FAE04EC0-301F-11D3-BF4B-00C04F79EFBC}") = "Shared", "Shared\Shared.csproj", "{5A61FA46-18CF-4165-A0A4-268A9000DD61}"
EndProject
Project("{FAE04EC0-301F-11D3-BF4B-00C04F79EFBC}") = "AuthService", "AuthService\AuthService.csproj", "{881AA6E8-0702-428F-BE24-BCE18CBBA2EE}"
EndProject
Project("{FAE04EC0-301F-11D3-BF4B-00C04F79EFBC}") = "DatabaseManagementService", "DatabaseManagementService\DatabaseManagementService.csproj", "{67DA9F66-E555-43DD-B6A4-6B51BA246FBF}"
EndProject
Project("{FAE04EC0-301F-11D3-BF4B-00C04F79EFBC}") = "StreamDbHandler", "StreamDbHandler\StreamDbHandler.csproj", "{917DB67C-E14A-46B4-A0F3-661C0B704A2B}"
EndProject
Project("{FAE04EC0-301F-11D3-BF4B-00C04F79EFBC}") = "UserDbHandler", "UserDbHandler\UserDbHandler.csproj", "{B96A804A-257F-45DC-B5B6-7850F75EACF8}"
EndProject
Project("{FAE04EC0-301F-11D3-BF4B-00C04F79EFBC}") = "StreamService", "StreamService\StreamService.csproj", "{370174D6-57EE-474B-B375-E3EDD6584037}"
EndProject
Project("{FAE04EC0-301F-11D3-BF4B-00C04F79EFBC}") = "ViewerService", "ViewerService\ViewerService.csproj", "{9297601F-D529-4C04-9AE8-0CA9BE14D351}"
EndProject
Project("{FAE04EC0-301F-11D3-BF4B-00C04F79EFBC}") = "FollowerService", "FollowerService\FollowerService.csproj", "{6E869BD6-0D76-414A-A086-412A0F969FE3}"
EndProject
Global
	GlobalSection(SolutionConfigurationPlatforms) = preSolution
		Debug|Any CPU = Debug|Any CPU
		Release|Any CPU = Release|Any CPU
	EndGlobalSection
	GlobalSection(ProjectConfigurationPlatforms) = postSolution
		{5A61FA46-18CF-4165-A0A4-268A9000DD61}.Debug|Any CPU.ActiveCfg = Debug|Any CPU
		{5A61FA46-18CF-4165-A0A4-268A9000DD61}.Debug|Any CPU.Build.0 = Debug|Any CPU
		{5A61FA46-18CF-4165-A0A4-268A9000DD61}.Release|Any CPU.ActiveCfg = Release|Any CPU
		{5A61FA46-18CF-4165-A0A4-268A9000DD61}.Release|Any CPU.Build.0 = Release|Any CPU
		{881AA6E8-0702-428F-BE24-BCE18CBBA2EE}.Debug|Any CPU.ActiveCfg = Debug|Any CPU
		{881AA6E8-0702-428F-BE24-BCE18CBBA2EE}.Debug|Any CPU.Build.0 = Debug|Any CPU
		{881AA6E8-0702-428F-BE24-BCE18CBBA2EE}.Release|Any CPU.ActiveCfg = Release|Any CPU
		{881AA6E8-0702-428F-BE24-BCE18CBBA2EE}.Release|Any CPU.Build.0 = Release|Any CPU
		{67DA9F66-E555-43DD-B6A4-6B51BA246FBF}.Debug|Any CPU.ActiveCfg = Debug|Any CPU
		{67DA9F66-E555-43DD-B6A4-6B51BA246FBF}.Debug|Any CPU.Build.0 = Debug|Any CPU
		{67DA9F66-E555-43DD-B6A4-6B51BA246FBF}.Release|Any CPU.ActiveCfg = Release|Any CPU
		{67DA9F66-E555-43DD-B6A4-6B51BA246FBF}.Release|Any CPU.Build.0 = Release|Any CPU
		{917DB67C-E14A-46B4-A0F3-661C0B704A2B}.Debug|Any CPU.ActiveCfg = Debug|Any CPU
		{917DB67C-E14A-46B4-A0F3-661C0B704A2B}.Debug|Any CPU.Build.0 = Debug|Any CPU
		{917DB67C-E14A-46B4-A0F3-661C0B704A2B}.Release|Any CPU.ActiveCfg = Release|Any CPU
		{917DB67C-E14A-46B4-A0F3-661C0B704A2B}.Release|Any CPU.Build.0 = Release|Any CPU
		{B96A804A-257F-45DC-B5B6-7850F75EACF8}.Debug|Any CPU.ActiveCfg = Debug|Any CPU
		{B96A804A-257F-45DC-B5B6-7850F75EACF8}.Debug|Any CPU.Build.0 = Debug|Any CPU
		{B96A804A-257F-45DC-B5B6-7850F75EACF8}.Release|Any CPU.ActiveCfg = Release|Any CPU
		{B96A804A-257F-45DC-B5B6-7850F75EACF8}.Release|Any CPU.Build.0 = Release|Any CPU
		{370174D6-57EE-474B-B375-E3EDD6584037}.Debug|Any CPU.ActiveCfg = Debug|Any CPU
		{370174D6-57EE-474B-B375-E3EDD6584037}.Debug|Any CPU.Build.0 = Debug|Any CPU
		{370174D6-57EE-474B-B375-E3EDD6584037}.Release|Any CPU.ActiveCfg = Release|Any CPU
		{370174D6-57EE-474B-B375-E3EDD6584037}.Release|Any CPU.Build.0 = Release|Any CPU
		{9297601F-D529-4C04-9AE8-0CA9BE14D351}.Debug|Any CPU.ActiveCfg = Debug|Any CPU
		{9297601F-D529-4C04-9AE8-0CA9BE14D351}.Debug|Any CPU.Build.0 = Debug|Any CPU
		{9297601F-D529-4C04-9AE8-0CA9BE14D351}.Release|Any CPU.ActiveCfg = Release|Any CPU
		{9297601F-D529-4C04-9AE8-0CA9BE14D351}.Release|Any CPU.Build.0 = Release|Any CPU
		{6E869BD6-0D76-414A-A086-412A0F969FE3}.Debug|Any CPU.ActiveCfg = Debug|Any CPU
		{6E869BD6-0D76-414A-A086-412A0F969FE3}.Debug|Any CPU.Build.0 = Debug|Any CPU
		{6E869BD6-0D76-414A-A086-412A0F969FE3}.Release|Any CPU.ActiveCfg = Release|Any CPU
		{6E869BD6-0D76-414A-A086-412A0F969FE3}.Release|Any CPU.Build.0 = Release|Any CPU
	EndGlobalSection
	GlobalSection(SolutionProperties) = preSolution
		HideSolutionNode = FALSE
	EndGlobalSection
EndGlobal
