
Microsoft Visual Studio Solution File, Format Version 12.00
# 
Project("{FAE04EC0-301F-11D3-BF4B-00C04F79EFBC}") = "UserService", "UserService\UserService.csproj", "{99D45FB2-23A1-4D1A-9A4A-3C6B0BDC0CBA}"
EndProject
Project("{2150E333-8FDC-42A3-9474-1A3956D46DE8}") = "Solution Items", "Solution Items", "{3FFC5C53-EBB2-4E60-8B81-AA5A95465D1D}"
	ProjectSection(SolutionItems) = preProject
		compose.yaml = compose.yaml
	EndProjectSection
EndProject
Project("{FAE04EC0-301F-11D3-BF4B-00C04F79EFBC}") = "Shared", "Shared\Shared.csproj", "{5A61FA46-18CF-4165-A0A4-268A9000DD61}"
EndProject
Project("{FAE04EC0-301F-11D3-BF4B-00C04F79EFBC}") = "StreamService", "StreamService\StreamService.csproj", "{8435AF33-5DD0-4D52-AE7B-498AFF1A3E79}"
EndProject
Project("{FAE04EC0-301F-11D3-BF4B-00C04F79EFBC}") = "AnalyticsService", "AnalyticsService\AnalyticsService.csproj", "{AFD4F5E8-1A6A-4BF9-9571-97D67B4445E6}"
EndProject
Project("{FAE04EC0-301F-11D3-BF4B-00C04F79EFBC}") = "AuthService", "AuthService\AuthService.csproj", "{881AA6E8-0702-428F-BE24-BCE18CBBA2EE}"
EndProject
Project("{FAE04EC0-301F-11D3-BF4B-00C04F79EFBC}") = "RecommendationService", "RecommendationService\RecommendationService.csproj", "{3E4ED1A5-CF32-4614-B23D-2A870B45F101}"
EndProject
Project("{FAE04EC0-301F-11D3-BF4B-00C04F79EFBC}") = "DatabaseManagementService", "DatabaseManagementService\DatabaseManagementService.csproj", "{67DA9F66-E555-43DD-B6A4-6B51BA246FBF}"
EndProject
Project("{FAE04EC0-301F-11D3-BF4B-00C04F79EFBC}") = "BackendAPI", "BackendAPI\BackendAPI.csproj", "{A0159485-ED6C-41F9-9AA1-D0B142F646F2}"
EndProject
Global
	GlobalSection(SolutionConfigurationPlatforms) = preSolution
		Debug|Any CPU = Debug|Any CPU
		Release|Any CPU = Release|Any CPU
	EndGlobalSection
	GlobalSection(ProjectConfigurationPlatforms) = postSolution
		{99D45FB2-23A1-4D1A-9A4A-3C6B0BDC0CBA}.Debug|Any CPU.ActiveCfg = Debug|Any CPU
		{99D45FB2-23A1-4D1A-9A4A-3C6B0BDC0CBA}.Debug|Any CPU.Build.0 = Debug|Any CPU
		{99D45FB2-23A1-4D1A-9A4A-3C6B0BDC0CBA}.Release|Any CPU.ActiveCfg = Release|Any CPU
		{99D45FB2-23A1-4D1A-9A4A-3C6B0BDC0CBA}.Release|Any CPU.Build.0 = Release|Any CPU
		{5A61FA46-18CF-4165-A0A4-268A9000DD61}.Debug|Any CPU.ActiveCfg = Debug|Any CPU
		{5A61FA46-18CF-4165-A0A4-268A9000DD61}.Debug|Any CPU.Build.0 = Debug|Any CPU
		{5A61FA46-18CF-4165-A0A4-268A9000DD61}.Release|Any CPU.ActiveCfg = Release|Any CPU
		{5A61FA46-18CF-4165-A0A4-268A9000DD61}.Release|Any CPU.Build.0 = Release|Any CPU
		{8435AF33-5DD0-4D52-AE7B-498AFF1A3E79}.Debug|Any CPU.ActiveCfg = Debug|Any CPU
		{8435AF33-5DD0-4D52-AE7B-498AFF1A3E79}.Debug|Any CPU.Build.0 = Debug|Any CPU
		{8435AF33-5DD0-4D52-AE7B-498AFF1A3E79}.Release|Any CPU.ActiveCfg = Release|Any CPU
		{8435AF33-5DD0-4D52-AE7B-498AFF1A3E79}.Release|Any CPU.Build.0 = Release|Any CPU
		{AFD4F5E8-1A6A-4BF9-9571-97D67B4445E6}.Debug|Any CPU.ActiveCfg = Debug|Any CPU
		{AFD4F5E8-1A6A-4BF9-9571-97D67B4445E6}.Debug|Any CPU.Build.0 = Debug|Any CPU
		{AFD4F5E8-1A6A-4BF9-9571-97D67B4445E6}.Release|Any CPU.ActiveCfg = Release|Any CPU
		{AFD4F5E8-1A6A-4BF9-9571-97D67B4445E6}.Release|Any CPU.Build.0 = Release|Any CPU
		{881AA6E8-0702-428F-BE24-BCE18CBBA2EE}.Debug|Any CPU.ActiveCfg = Debug|Any CPU
		{881AA6E8-0702-428F-BE24-BCE18CBBA2EE}.Debug|Any CPU.Build.0 = Debug|Any CPU
		{881AA6E8-0702-428F-BE24-BCE18CBBA2EE}.Release|Any CPU.ActiveCfg = Release|Any CPU
		{881AA6E8-0702-428F-BE24-BCE18CBBA2EE}.Release|Any CPU.Build.0 = Release|Any CPU
		{3E4ED1A5-CF32-4614-B23D-2A870B45F101}.Debug|Any CPU.ActiveCfg = Debug|Any CPU
		{3E4ED1A5-CF32-4614-B23D-2A870B45F101}.Debug|Any CPU.Build.0 = Debug|Any CPU
		{3E4ED1A5-CF32-4614-B23D-2A870B45F101}.Release|Any CPU.ActiveCfg = Release|Any CPU
		{3E4ED1A5-CF32-4614-B23D-2A870B45F101}.Release|Any CPU.Build.0 = Release|Any CPU
		{67DA9F66-E555-43DD-B6A4-6B51BA246FBF}.Debug|Any CPU.ActiveCfg = Debug|Any CPU
		{67DA9F66-E555-43DD-B6A4-6B51BA246FBF}.Debug|Any CPU.Build.0 = Debug|Any CPU
		{67DA9F66-E555-43DD-B6A4-6B51BA246FBF}.Release|Any CPU.ActiveCfg = Release|Any CPU
		{67DA9F66-E555-43DD-B6A4-6B51BA246FBF}.Release|Any CPU.Build.0 = Release|Any CPU
		{A0159485-ED6C-41F9-9AA1-D0B142F646F2}.Debug|Any CPU.ActiveCfg = Debug|Any CPU
		{A0159485-ED6C-41F9-9AA1-D0B142F646F2}.Debug|Any CPU.Build.0 = Debug|Any CPU
		{A0159485-ED6C-41F9-9AA1-D0B142F646F2}.Release|Any CPU.ActiveCfg = Release|Any CPU
		{A0159485-ED6C-41F9-9AA1-D0B142F646F2}.Release|Any CPU.Build.0 = Release|Any CPU
	EndGlobalSection
	GlobalSection(SolutionProperties) = preSolution
		HideSolutionNode = FALSE
	EndGlobalSection
EndGlobal
